
Microsoft Visual Studio Solution File, Format Version 12.00
# Visual Studio Version 17
VisualStudioVersion = 17.12.35527.113 d17.12
MinimumVisualStudioVersion = 10.0.40219.1
Project("{FAE04EC0-301F-11D3-BF4B-00C04F79EFBC}") = "Web", "Web\Web.csproj", "{2DB50D4A-2532-4BAD-A704-8865B0050E3F}"
EndProject
Project("{FAE04EC0-301F-11D3-BF4B-00C04F79EFBC}") = "Application", "Application\Application.csproj", "{76DEB0B1-0B8F-47AE-98CF-02B9986D172D}"
EndProject
Project("{FAE04EC0-301F-11D3-BF4B-00C04F79EFBC}") = "Common", "Common\Common.csproj", "{93559F3C-435B-4D61-9CB4-571C911D29BB}"
EndProject
Project("{FAE04EC0-301F-11D3-BF4B-00C04F79EFBC}") = "Core", "Core\Core.csproj", "{128DF3B0-E26A-4E9C-9BDA-E81FCA1FBBF3}"
EndProject
Project("{FAE04EC0-301F-11D3-BF4B-00C04F79EFBC}") = "Infrastructure", "Infrastructure\Infrastructure.csproj", "{FBC1E8BE-EB75-45FD-9AC3-E8BB119CC327}"
EndProject
Global
	GlobalSection(SolutionConfigurationPlatforms) = preSolution
		Debug|Any CPU = Debug|Any CPU
		Release|Any CPU = Release|Any CPU
	EndGlobalSection
	GlobalSection(ProjectConfigurationPlatforms) = postSolution
		{2DB50D4A-2532-4BAD-A704-8865B0050E3F}.Debug|Any CPU.ActiveCfg = Debug|Any CPU
		{2DB50D4A-2532-4BAD-A704-8865B0050E3F}.Debug|Any CPU.Build.0 = Debug|Any CPU
		{2DB50D4A-2532-4BAD-A704-8865B0050E3F}.Release|Any CPU.ActiveCfg = Release|Any CPU
		{2DB50D4A-2532-4BAD-A704-8865B0050E3F}.Release|Any CPU.Build.0 = Release|Any CPU
		{76DEB0B1-0B8F-47AE-98CF-02B9986D172D}.Debug|Any CPU.ActiveCfg = Debug|Any CPU
		{76DEB0B1-0B8F-47AE-98CF-02B9986D172D}.Debug|Any CPU.Build.0 = Debug|Any CPU
		{76DEB0B1-0B8F-47AE-98CF-02B9986D172D}.Release|Any CPU.ActiveCfg = Release|Any CPU
		{76DEB0B1-0B8F-47AE-98CF-02B9986D172D}.Release|Any CPU.Build.0 = Release|Any CPU
		{93559F3C-435B-4D61-9CB4-571C911D29BB}.Debug|Any CPU.ActiveCfg = Debug|Any CPU
		{93559F3C-435B-4D61-9CB4-571C911D29BB}.Debug|Any CPU.Build.0 = Debug|Any CPU
		{93559F3C-435B-4D61-9CB4-571C911D29BB}.Release|Any CPU.ActiveCfg = Release|Any CPU
		{93559F3C-435B-4D61-9CB4-571C911D29BB}.Release|Any CPU.Build.0 = Release|Any CPU
		{128DF3B0-E26A-4E9C-9BDA-E81FCA1FBBF3}.Debug|Any CPU.ActiveCfg = Debug|Any CPU
		{128DF3B0-E26A-4E9C-9BDA-E81FCA1FBBF3}.Debug|Any CPU.Build.0 = Debug|Any CPU
		{128DF3B0-E26A-4E9C-9BDA-E81FCA1FBBF3}.Release|Any CPU.ActiveCfg = Release|Any CPU
		{128DF3B0-E26A-4E9C-9BDA-E81FCA1FBBF3}.Release|Any CPU.Build.0 = Release|Any CPU
		{FBC1E8BE-EB75-45FD-9AC3-E8BB119CC327}.Debug|Any CPU.ActiveCfg = Debug|Any CPU
		{FBC1E8BE-EB75-45FD-9AC3-E8BB119CC327}.Debug|Any CPU.Build.0 = Debug|Any CPU
		{FBC1E8BE-EB75-45FD-9AC3-E8BB119CC327}.Release|Any CPU.ActiveCfg = Release|Any CPU
		{FBC1E8BE-EB75-45FD-9AC3-E8BB119CC327}.Release|Any CPU.Build.0 = Release|Any CPU
	EndGlobalSection
	GlobalSection(SolutionProperties) = preSolution
		HideSolutionNode = FALSE
	EndGlobalSection
EndGlobal
